// !$*UTF8*$!
{
	archiveVersion = 1;
	classes = {
	};
	objectVersion = 50;
	objects = {

/* Begin PBXBuildFile section */
		49E4771D231D1A9600569335 /* AppDelegate.swift in Sources */ = {isa = PBXBuildFile; fileRef = 49E4771C231D1A9600569335 /* AppDelegate.swift */; };
		49E4771F231D1A9600569335 /* ViewController.swift in Sources */ = {isa = PBXBuildFile; fileRef = 49E4771E231D1A9600569335 /* ViewController.swift */; };
		49E47722231D1A9600569335 /* Main.storyboard in Resources */ = {isa = PBXBuildFile; fileRef = 49E47720231D1A9600569335 /* Main.storyboard */; };
		49E47724231D1A9900569335 /* Assets.xcassets in Resources */ = {isa = PBXBuildFile; fileRef = 49E47723231D1A9900569335 /* Assets.xcassets */; };
		49E47727231D1A9900569335 /* LaunchScreen.storyboard in Resources */ = {isa = PBXBuildFile; fileRef = 49E47725231D1A9900569335 /* LaunchScreen.storyboard */; };
		49E47732231D1A9900569335 /* DropDownAppTests.swift in Sources */ = {isa = PBXBuildFile; fileRef = 49E47731231D1A9900569335 /* DropDownAppTests.swift */; };
		49E4773D231D1A9900569335 /* DropDownAppUITests.swift in Sources */ = {isa = PBXBuildFile; fileRef = 49E4773C231D1A9900569335 /* DropDownAppUITests.swift */; };
/* End PBXBuildFile section */

/* Begin PBXContainerItemProxy section */
		49E4772E231D1A9900569335 /* PBXContainerItemProxy */ = {
			isa = PBXContainerItemProxy;
			containerPortal = 49E47711231D1A9600569335 /* Project object */;
			proxyType = 1;
			remoteGlobalIDString = 49E47718231D1A9600569335;
			remoteInfo = DropDownApp;
		};
		49E47739231D1A9900569335 /* PBXContainerItemProxy */ = {
			isa = PBXContainerItemProxy;
			containerPortal = 49E47711231D1A9600569335 /* Project object */;
			proxyType = 1;
			remoteGlobalIDString = 49E47718231D1A9600569335;
			remoteInfo = DropDownApp;
		};
/* End PBXContainerItemProxy section */

/* Begin PBXFileReference section */
		49E47719231D1A9600569335 /* DropDownApp.app */ = {isa = PBXFileReference; explicitFileType = wrapper.application; includeInIndex = 0; path = DropDownApp.app; sourceTree = BUILT_PRODUCTS_DIR; };
		49E4771C231D1A9600569335 /* AppDelegate.swift */ = {isa = PBXFileReference; lastKnownFileType = sourcecode.swift; path = AppDelegate.swift; sourceTree = "<group>"; };
		49E4771E231D1A9600569335 /* ViewController.swift */ = {isa = PBXFileReference; lastKnownFileType = sourcecode.swift; path = ViewController.swift; sourceTree = "<group>"; };
		49E47721231D1A9600569335 /* Base */ = {isa = PBXFileReference; lastKnownFileType = file.storyboard; name = Base; path = Base.lproj/Main.storyboard; sourceTree = "<group>"; };
		49E47723231D1A9900569335 /* Assets.xcassets */ = {isa = PBXFileReference; lastKnownFileType = folder.assetcatalog; path = Assets.xcassets; sourceTree = "<group>"; };
		49E47726231D1A9900569335 /* Base */ = {isa = PBXFileReference; lastKnownFileType = file.storyboard; name = Base; path = Base.lproj/LaunchScreen.storyboard; sourceTree = "<group>"; };
		49E47728231D1A9900569335 /* Info.plist */ = {isa = PBXFileReference; lastKnownFileType = text.plist.xml; path = Info.plist; sourceTree = "<group>"; };
		49E4772D231D1A9900569335 /* DropDownAppTests.xctest */ = {isa = PBXFileReference; explicitFileType = wrapper.cfbundle; includeInIndex = 0; path = DropDownAppTests.xctest; sourceTree = BUILT_PRODUCTS_DIR; };
		49E47731231D1A9900569335 /* DropDownAppTests.swift */ = {isa = PBXFileReference; lastKnownFileType = sourcecode.swift; path = DropDownAppTests.swift; sourceTree = "<group>"; };
		49E47733231D1A9900569335 /* Info.plist */ = {isa = PBXFileReference; lastKnownFileType = text.plist.xml; path = Info.plist; sourceTree = "<group>"; };
		49E47738231D1A9900569335 /* DropDownAppUITests.xctest */ = {isa = PBXFileReference; explicitFileType = wrapper.cfbundle; includeInIndex = 0; path = DropDownAppUITests.xctest; sourceTree = BUILT_PRODUCTS_DIR; };
		49E4773C231D1A9900569335 /* DropDownAppUITests.swift */ = {isa = PBXFileReference; lastKnownFileType = sourcecode.swift; path = DropDownAppUITests.swift; sourceTree = "<group>"; };
		49E4773E231D1A9900569335 /* Info.plist */ = {isa = PBXFileReference; lastKnownFileType = text.plist.xml; path = Info.plist; sourceTree = "<group>"; };
/* End PBXFileReference section */

/* Begin PBXFrameworksBuildPhase section */
		49E47716231D1A9600569335 /* Frameworks */ = {
			isa = PBXFrameworksBuildPhase;
			buildActionMask = 2147483647;
			files = (
			);
			runOnlyForDeploymentPostprocessing = 0;
		};
		49E4772A231D1A9900569335 /* Frameworks */ = {
			isa = PBXFrameworksBuildPhase;
			buildActionMask = 2147483647;
			files = (
			);
			runOnlyForDeploymentPostprocessing = 0;
		};
		49E47735231D1A9900569335 /* Frameworks */ = {
			isa = PBXFrameworksBuildPhase;
			buildActionMask = 2147483647;
			files = (
			);
			runOnlyForDeploymentPostprocessing = 0;
		};
/* End PBXFrameworksBuildPhase section */

/* Begin PBXGroup section */
		49E47710231D1A9600569335 = {
			isa = PBXGroup;
			children = (
				49E4771B231D1A9600569335 /* DropDownApp */,
				49E47730231D1A9900569335 /* DropDownAppTests */,
				49E4773B231D1A9900569335 /* DropDownAppUITests */,
				49E4771A231D1A9600569335 /* Products */,
			);
			sourceTree = "<group>";
		};
		49E4771A231D1A9600569335 /* Products */ = {
			isa = PBXGroup;
			children = (
				49E47719231D1A9600569335 /* DropDownApp.app */,
				49E4772D231D1A9900569335 /* DropDownAppTests.xctest */,
				49E47738231D1A9900569335 /* DropDownAppUITests.xctest */,
			);
			name = Products;
			sourceTree = "<group>";
		};
		49E4771B231D1A9600569335 /* DropDownApp */ = {
			isa = PBXGroup;
			children = (
				49E4771C231D1A9600569335 /* AppDelegate.swift */,
				49E4771E231D1A9600569335 /* ViewController.swift */,
				49E47720231D1A9600569335 /* Main.storyboard */,
				49E47723231D1A9900569335 /* Assets.xcassets */,
				49E47725231D1A9900569335 /* LaunchScreen.storyboard */,
				49E47728231D1A9900569335 /* Info.plist */,
			);
			path = DropDownApp;
			sourceTree = "<group>";
		};
		49E47730231D1A9900569335 /* DropDownAppTests */ = {
			isa = PBXGroup;
			children = (
				49E47731231D1A9900569335 /* DropDownAppTests.swift */,
				49E47733231D1A9900569335 /* Info.plist */,
			);
			path = DropDownAppTests;
			sourceTree = "<group>";
		};
		49E4773B231D1A9900569335 /* DropDownAppUITests */ = {
			isa = PBXGroup;
			children = (
				49E4773C231D1A9900569335 /* DropDownAppUITests.swift */,
				49E4773E231D1A9900569335 /* Info.plist */,
			);
			path = DropDownAppUITests;
			sourceTree = "<group>";
		};
/* End PBXGroup section */

/* Begin PBXNativeTarget section */
		49E47718231D1A9600569335 /* DropDownApp */ = {
			isa = PBXNativeTarget;
			buildConfigurationList = 49E47741231D1A9900569335 /* Build configuration list for PBXNativeTarget "DropDownApp" */;
			buildPhases = (
				49E47715231D1A9600569335 /* Sources */,
				49E47716231D1A9600569335 /* Frameworks */,
				49E47717231D1A9600569335 /* Resources */,
			);
			buildRules = (
			);
			dependencies = (
			);
			name = DropDownApp;
			productName = DropDownApp;
			productReference = 49E47719231D1A9600569335 /* DropDownApp.app */;
			productType = "com.apple.product-type.application";
		};
		49E4772C231D1A9900569335 /* DropDownAppTests */ = {
			isa = PBXNativeTarget;
			buildConfigurationList = 49E47744231D1A9900569335 /* Build configuration list for PBXNativeTarget "DropDownAppTests" */;
			buildPhases = (
				49E47729231D1A9900569335 /* Sources */,
				49E4772A231D1A9900569335 /* Frameworks */,
				49E4772B231D1A9900569335 /* Resources */,
			);
			buildRules = (
			);
			dependencies = (
				49E4772F231D1A9900569335 /* PBXTargetDependency */,
			);
			name = DropDownAppTests;
			productName = DropDownAppTests;
			productReference = 49E4772D231D1A9900569335 /* DropDownAppTests.xctest */;
			productType = "com.apple.product-type.bundle.unit-test";
		};
		49E47737231D1A9900569335 /* DropDownAppUITests */ = {
			isa = PBXNativeTarget;
			buildConfigurationList = 49E47747231D1A9900569335 /* Build configuration list for PBXNativeTarget "DropDownAppUITests" */;
			buildPhases = (
				49E47734231D1A9900569335 /* Sources */,
				49E47735231D1A9900569335 /* Frameworks */,
				49E47736231D1A9900569335 /* Resources */,
			);
			buildRules = (
			);
			dependencies = (
				49E4773A231D1A9900569335 /* PBXTargetDependency */,
			);
			name = DropDownAppUITests;
			productName = DropDownAppUITests;
			productReference = 49E47738231D1A9900569335 /* DropDownAppUITests.xctest */;
			productType = "com.apple.product-type.bundle.ui-testing";
		};
/* End PBXNativeTarget section */

/* Begin PBXProject section */
		49E47711231D1A9600569335 /* Project object */ = {
			isa = PBXProject;
			attributes = {
				LastSwiftUpdateCheck = 1030;
				LastUpgradeCheck = 1030;
				ORGANIZATIONNAME = jabeed;
				TargetAttributes = {
					49E47718231D1A9600569335 = {
						CreatedOnToolsVersion = 10.3;
					};
					49E4772C231D1A9900569335 = {
						CreatedOnToolsVersion = 10.3;
						TestTargetID = 49E47718231D1A9600569335;
					};
					49E47737231D1A9900569335 = {
						CreatedOnToolsVersion = 10.3;
						TestTargetID = 49E47718231D1A9600569335;
					};
				};
			};
			buildConfigurationList = 49E47714231D1A9600569335 /* Build configuration list for PBXProject "DropDownApp" */;
			compatibilityVersion = "Xcode 9.3";
			developmentRegion = en;
			hasScannedForEncodings = 0;
			knownRegions = (
				en,
				Base,
			);
			mainGroup = 49E47710231D1A9600569335;
			productRefGroup = 49E4771A231D1A9600569335 /* Products */;
			projectDirPath = "";
			projectRoot = "";
			targets = (
				49E47718231D1A9600569335 /* DropDownApp */,
				49E4772C231D1A9900569335 /* DropDownAppTests */,
				49E47737231D1A9900569335 /* DropDownAppUITests */,
			);
		};
/* End PBXProject section */

/* Begin PBXResourcesBuildPhase section */
		49E47717231D1A9600569335 /* Resources */ = {
			isa = PBXResourcesBuildPhase;
			buildActionMask = 2147483647;
			files = (
				49E47727231D1A9900569335 /* LaunchScreen.storyboard in Resources */,
				49E47724231D1A9900569335 /* Assets.xcassets in Resources */,
				49E47722231D1A9600569335 /* Main.storyboard in Resources */,
			);
			runOnlyForDeploymentPostprocessing = 0;
		};
		49E4772B231D1A9900569335 /* Resources */ = {
			isa = PBXResourcesBuildPhase;
			buildActionMask = 2147483647;
			files = (
			);
			runOnlyForDeploymentPostprocessing = 0;
		};
		49E47736231D1A9900569335 /* Resources */ = {
			isa = PBXResourcesBuildPhase;
			buildActionMask = 2147483647;
			files = (
			);
			runOnlyForDeploymentPostprocessing = 0;
		};
/* End PBXResourcesBuildPhase section */

/* Begin PBXSourcesBuildPhase section */
		49E47715231D1A9600569335 /* Sources */ = {
			isa = PBXSourcesBuildPhase;
			buildActionMask = 2147483647;
			files = (
				49E4771F231D1A9600569335 /* ViewController.swift in Sources */,
				49E4771D231D1A9600569335 /* AppDelegate.swift in Sources */,
			);
			runOnlyForDeploymentPostprocessing = 0;
		};
		49E47729231D1A9900569335 /* Sources */ = {
			isa = PBXSourcesBuildPhase;
			buildActionMask = 2147483647;
			files = (
				49E47732231D1A9900569335 /* DropDownAppTests.swift in Sources */,
			);
			runOnlyForDeploymentPostprocessing = 0;
		};
		49E47734231D1A9900569335 /* Sources */ = {
			isa = PBXSourcesBuildPhase;
			buildActionMask = 2147483647;
			files = (
				49E4773D231D1A9900569335 /* DropDownAppUITests.swift in Sources */,
			);
			runOnlyForDeploymentPostprocessing = 0;
		};
/* End PBXSourcesBuildPhase section */

/* Begin PBXTargetDependency section */
		49E4772F231D1A9900569335 /* PBXTargetDependency */ = {
			isa = PBXTargetDependency;
			target = 49E47718231D1A9600569335 /* DropDownApp */;
			targetProxy = 49E4772E231D1A9900569335 /* PBXContainerItemProxy */;
		};
		49E4773A231D1A9900569335 /* PBXTargetDependency */ = {
			isa = PBXTargetDependency;
			target = 49E47718231D1A9600569335 /* DropDownApp */;
			targetProxy = 49E47739231D1A9900569335 /* PBXContainerItemProxy */;
		};
/* End PBXTargetDependency section */

/* Begin PBXVariantGroup section */
		49E47720231D1A9600569335 /* Main.storyboard */ = {
			isa = PBXVariantGroup;
			children = (
				49E47721231D1A9600569335 /* Base */,
			);
			name = Main.storyboard;
			sourceTree = "<group>";
		};
		49E47725231D1A9900569335 /* LaunchScreen.storyboard */ = {
			isa = PBXVariantGroup;
			children = (
				49E47726231D1A9900569335 /* Base */,
			);
			name = LaunchScreen.storyboard;
			sourceTree = "<group>";
		};
/* End PBXVariantGroup section */

/* Begin XCBuildConfiguration section */
		49E4773F231D1A9900569335 /* Debug */ = {
			isa = XCBuildConfiguration;
			buildSettings = {
				ALWAYS_SEARCH_USER_PATHS = NO;
				CLANG_ANALYZER_NONNULL = YES;
				CLANG_ANALYZER_NUMBER_OBJECT_CONVERSION = YES_AGGRESSIVE;
				CLANG_CXX_LANGUAGE_STANDARD = "gnu++14";
				CLANG_CXX_LIBRARY = "libc++";
				CLANG_ENABLE_MODULES = YES;
				CLANG_ENABLE_OBJC_ARC = YES;
				CLANG_ENABLE_OBJC_WEAK = YES;
				CLANG_WARN_BLOCK_CAPTURE_AUTORELEASING = YES;
				CLANG_WARN_BOOL_CONVERSION = YES;
				CLANG_WARN_COMMA = YES;
				CLANG_WARN_CONSTANT_CONVERSION = YES;
				CLANG_WARN_DEPRECATED_OBJC_IMPLEMENTATIONS = YES;
				CLANG_WARN_DIRECT_OBJC_ISA_USAGE = YES_ERROR;
				CLANG_WARN_DOCUMENTATION_COMMENTS = YES;
				CLANG_WARN_EMPTY_BODY = YES;
				CLANG_WARN_ENUM_CONVERSION = YES;
				CLANG_WARN_INFINITE_RECURSION = YES;
				CLANG_WARN_INT_CONVERSION = YES;
				CLANG_WARN_NON_LITERAL_NULL_CONVERSION = YES;
				CLANG_WARN_OBJC_IMPLICIT_RETAIN_SELF = YES;
				CLANG_WARN_OBJC_LITERAL_CONVERSION = YES;
				CLANG_WARN_OBJC_ROOT_CLASS = YES_ERROR;
				CLANG_WARN_RANGE_LOOP_ANALYSIS = YES;
				CLANG_WARN_STRICT_PROTOTYPES = YES;
				CLANG_WARN_SUSPICIOUS_MOVE = YES;
				CLANG_WARN_UNGUARDED_AVAILABILITY = YES_AGGRESSIVE;
				CLANG_WARN_UNREACHABLE_CODE = YES;
				CLANG_WARN__DUPLICATE_METHOD_MATCH = YES;
				CODE_SIGN_IDENTITY = "iPhone Developer";
				COPY_PHASE_STRIP = NO;
				DEBUG_INFORMATION_FORMAT = dwarf;
				ENABLE_STRICT_OBJC_MSGSEND = YES;
				ENABLE_TESTABILITY = YES;
				GCC_C_LANGUAGE_STANDARD = gnu11;
				GCC_DYNAMIC_NO_PIC = NO;
				GCC_NO_COMMON_BLOCKS = YES;
				GCC_OPTIMIZATION_LEVEL = 0;
				GCC_PREPROCESSOR_DEFINITIONS = (
					"DEBUG=1",
					"$(inherited)",
				);
				GCC_WARN_64_TO_32_BIT_CONVERSION = YES;
				GCC_WARN_ABOUT_RETURN_TYPE = YES_ERROR;
				GCC_WARN_UNDECLARED_SELECTOR = YES;
				GCC_WARN_UNINITIALIZED_AUTOS = YES_AGGRESSIVE;
				GCC_WARN_UNUSED_FUNCTION = YES;
				GCC_WARN_UNUSED_VARIABLE = YES;
				IPHONEOS_DEPLOYMENT_TARGET = 12.4;
				MTL_ENABLE_DEBUG_INFO = INCLUDE_SOURCE;
				MTL_FAST_MATH = YES;
				ONLY_ACTIVE_ARCH = YES;
				SDKROOT = iphoneos;
				SWIFT_ACTIVE_COMPILATION_CONDITIONS = DEBUG;
				SWIFT_OPTIMIZATION_LEVEL = "-Onone";
			};
			name = Debug;
		};
		49E47740231D1A9900569335 /* Release */ = {
			isa = XCBuildConfiguration;
			buildSettings = {
				ALWAYS_SEARCH_USER_PATHS = NO;
				CLANG_ANALYZER_NONNULL = YES;
				CLANG_ANALYZER_NUMBER_OBJECT_CONVERSION = YES_AGGRESSIVE;
				CLANG_CXX_LANGUAGE_STANDARD = "gnu++14";
				CLANG_CXX_LIBRARY = "libc++";
				CLANG_ENABLE_MODULES = YES;
				CLANG_ENABLE_OBJC_ARC = YES;
				CLANG_ENABLE_OBJC_WEAK = YES;
				CLANG_WARN_BLOCK_CAPTURE_AUTORELEASING = YES;
				CLANG_WARN_BOOL_CONVERSION = YES;
				CLANG_WARN_COMMA = YES;
				CLANG_WARN_CONSTANT_CONVERSION = YES;
				CLANG_WARN_DEPRECATED_OBJC_IMPLEMENTATIONS = YES;
				CLANG_WARN_DIRECT_OBJC_ISA_USAGE = YES_ERROR;
				CLANG_WARN_DOCUMENTATION_COMMENTS = YES;
				CLANG_WARN_EMPTY_BODY = YES;
				CLANG_WARN_ENUM_CONVERSION = YES;
				CLANG_WARN_INFINITE_RECURSION = YES;
				CLANG_WARN_INT_CONVERSION = YES;
				CLANG_WARN_NON_LITERAL_NULL_CONVERSION = YES;
				CLANG_WARN_OBJC_IMPLICIT_RETAIN_SELF = YES;
				CLANG_WARN_OBJC_LITERAL_CONVERSION = YES;
				CLANG_WARN_OBJC_ROOT_CLASS = YES_ERROR;
				CLANG_WARN_RANGE_LOOP_ANALYSIS = YES;
				CLANG_WARN_STRICT_PROTOTYPES = YES;
				CLANG_WARN_SUSPICIOUS_MOVE = YES;
				CLANG_WARN_UNGUARDED_AVAILABILITY = YES_AGGRESSIVE;
				CLANG_WARN_UNREACHABLE_CODE = YES;
				CLANG_WARN__DUPLICATE_METHOD_MATCH = YES;
				CODE_SIGN_IDENTITY = "iPhone Developer";
				COPY_PHASE_STRIP = NO;
				DEBUG_INFORMATION_FORMAT = "dwarf-with-dsym";
				ENABLE_NS_ASSERTIONS = NO;
				ENABLE_STRICT_OBJC_MSGSEND = YES;
				GCC_C_LANGUAGE_STANDARD = gnu11;
				GCC_NO_COMMON_BLOCKS = YES;
				GCC_WARN_64_TO_32_BIT_CONVERSION = YES;
				GCC_WARN_ABOUT_RETURN_TYPE = YES_ERROR;
				GCC_WARN_UNDECLARED_SELECTOR = YES;
				GCC_WARN_UNINITIALIZED_AUTOS = YES_AGGRESSIVE;
				GCC_WARN_UNUSED_FUNCTION = YES;
				GCC_WARN_UNUSED_VARIABLE = YES;
				IPHONEOS_DEPLOYMENT_TARGET = 12.4;
				MTL_ENABLE_DEBUG_INFO = NO;
				MTL_FAST_MATH = YES;
				SDKROOT = iphoneos;
				SWIFT_COMPILATION_MODE = wholemodule;
				SWIFT_OPTIMIZATION_LEVEL = "-O";
				VALIDATE_PRODUCT = YES;
			};
			name = Release;
		};
		49E47742231D1A9900569335 /* Debug */ = {
			isa = XCBuildConfiguration;
			buildSettings = {
				ASSETCATALOG_COMPILER_APPICON_NAME = AppIcon;
				CODE_SIGN_STYLE = Automatic;
				INFOPLIST_FILE = DropDownApp/Info.plist;
				LD_RUNPATH_SEARCH_PATHS = (
					"$(inherited)",
					"@executable_path/Frameworks",
				);
				PRODUCT_BUNDLE_IDENTIFIER = "com.papa.-.DropDownApp";
				PRODUCT_NAME = "$(TARGET_NAME)";
				SWIFT_VERSION = 5.0;
				TARGETED_DEVICE_FAMILY = "1,2";
			};
			name = Debug;
		};
		49E47743231D1A9900569335 /* Release */ = {
			isa = XCBuildConfiguration;
			buildSettings = {
				ASSETCATALOG_COMPILER_APPICON_NAME = AppIcon;
				CODE_SIGN_STYLE = Automatic;
				INFOPLIST_FILE = DropDownApp/Info.plist;
				LD_RUNPATH_SEARCH_PATHS = (
					"$(inherited)",
					"@executable_path/Frameworks",
				);
				PRODUCT_BUNDLE_IDENTIFIER = "com.papa.-.DropDownApp";
				PRODUCT_NAME = "$(TARGET_NAME)";
				SWIFT_VERSION = 5.0;
				TARGETED_DEVICE_FAMILY = "1,2";
			};
			name = Release;
		};
		49E47745231D1A9900569335 /* Debug */ = {
			isa = XCBuildConfiguration;
			buildSettings = {
				ALWAYS_EMBED_SWIFT_STANDARD_LIBRARIES = YES;
				BUNDLE_LOADER = "$(TEST_HOST)";
				CODE_SIGN_STYLE = Automatic;
				INFOPLIST_FILE = DropDownAppTests/Info.plist;
				LD_RUNPATH_SEARCH_PATHS = (
					"$(inherited)",
					"@executable_path/Frameworks",
					"@loader_path/Frameworks",
				);
				PRODUCT_BUNDLE_IDENTIFIER = "com.papa.-.DropDownAppTests";
				PRODUCT_NAME = "$(TARGET_NAME)";
				SWIFT_VERSION = 5.0;
				TARGETED_DEVICE_FAMILY = "1,2";
				TEST_HOST = "$(BUILT_PRODUCTS_DIR)/DropDownApp.app/DropDownApp";
			};
			name = Debug;
		};
		49E47746231D1A9900569335 /* Release */ = {
			isa = XCBuildConfiguration;
			buildSettings = {
				ALWAYS_EMBED_SWIFT_STANDARD_LIBRARIES = YES;
				BUNDLE_LOADER = "$(TEST_HOST)";
				CODE_SIGN_STYLE = Automatic;
				INFOPLIST_FILE = DropDownAppTests/Info.plist;
				LD_RUNPATH_SEARCH_PATHS = (
					"$(inherited)",
					"@executable_path/Frameworks",
					"@loader_path/Frameworks",
				);
				PRODUCT_BUNDLE_IDENTIFIER = "com.papa.-.DropDownAppTests";
				PRODUCT_NAME = "$(TARGET_NAME)";
				SWIFT_VERSION = 5.0;
				TARGETED_DEVICE_FAMILY = "1,2";
				TEST_HOST = "$(BUILT_PRODUCTS_DIR)/DropDownApp.app/DropDownApp";
			};
			name = Release;
		};
		49E47748231D1A9900569335 /* Debug */ = {
			isa = XCBuildConfiguration;
			buildSettings = {
				ALWAYS_EMBED_SWIFT_STANDARD_LIBRARIES = YES;
				CODE_SIGN_STYLE = Automatic;
				INFOPLIST_FILE = DropDownAppUITests/Info.plist;
				LD_RUNPATH_SEARCH_PATHS = (
					"$(inherited)",
					"@executable_path/Frameworks",
					"@loader_path/Frameworks",
				);
				PRODUCT_BUNDLE_IDENTIFIER = "com.papa.-.DropDownAppUITests";
				PRODUCT_NAME = "$(TARGET_NAME)";
				SWIFT_VERSION = 5.0;
				TARGETED_DEVICE_FAMILY = "1,2";
				TEST_TARGET_NAME = DropDownApp;
			};
			name = Debug;
		};
		49E47749231D1A9900569335 /* Release */ = {
			isa = XCBuildConfiguration;
			buildSettings = {
				ALWAYS_EMBED_SWIFT_STANDARD_LIBRARIES = YES;
				CODE_SIGN_STYLE = Automatic;
				INFOPLIST_FILE = DropDownAppUITests/Info.plist;
				LD_RUNPATH_SEARCH_PATHS = (
					"$(inherited)",
					"@executable_path/Frameworks",
					"@loader_path/Frameworks",
				);
				PRODUCT_BUNDLE_IDENTIFIER = "com.papa.-.DropDownAppUITests";
				PRODUCT_NAME = "$(TARGET_NAME)";
				SWIFT_VERSION = 5.0;
				TARGETED_DEVICE_FAMILY = "1,2";
				TEST_TARGET_NAME = DropDownApp;
			};
			name = Release;
		};
/* End XCBuildConfiguration section */

/* Begin XCConfigurationList section */
		49E47714231D1A9600569335 /* Build configuration list for PBXProject "DropDownApp" */ = {
			isa = XCConfigurationList;
			buildConfigurations = (
				49E4773F231D1A9900569335 /* Debug */,
				49E47740231D1A9900569335 /* Release */,
			);
			defaultConfigurationIsVisible = 0;
			defaultConfigurationName = Release;
		};
		49E47741231D1A9900569335 /* Build configuration list for PBXNativeTarget "DropDownApp" */ = {
			isa = XCConfigurationList;
			buildConfigurations = (
				49E47742231D1A9900569335 /* Debug */,
				49E47743231D1A9900569335 /* Release */,
			);
			defaultConfigurationIsVisible = 0;
			defaultConfigurationName = Release;
		};
		49E47744231D1A9900569335 /* Build configuration list for PBXNativeTarget "DropDownAppTests" */ = {
			isa = XCConfigurationList;
			buildConfigurations = (
				49E47745231D1A9900569335 /* Debug */,
				49E47746231D1A9900569335 /* Release */,
			);
			defaultConfigurationIsVisible = 0;
			defaultConfigurationName = Release;
		};
		49E47747231D1A9900569335 /* Build configuration list for PBXNativeTarget "DropDownAppUITests" */ = {
			isa = XCConfigurationList;
			buildConfigurations = (
				49E47748231D1A9900569335 /* Debug */,
				49E47749231D1A9900569335 /* Release */,
			);
			defaultConfigurationIsVisible = 0;
			defaultConfigurationName = Release;
		};
/* End XCConfigurationList section */
	};
	rootObject = 49E47711231D1A9600569335 /* Project object */;
}
